
Microsoft Visual Studio Solution File, Format Version 12.00
# Visual Studio Version 17
VisualStudioVersion = 17.7.34018.315
MinimumVisualStudioVersion = 10.0.40219.1
Project("{FAE04EC0-301F-11D3-BF4B-00C04F79EFBC}") = "Klass uppgift 1", "Klass uppgift 1\Klass uppgift 1.csproj", "{0E8122E2-657B-4655-AFCC-6EFC7924FD59}"
EndProject
Global
	GlobalSection(SolutionConfigurationPlatforms) = preSolution
		Debug|Any CPU = Debug|Any CPU
		Release|Any CPU = Release|Any CPU
	EndGlobalSection
	GlobalSection(ProjectConfigurationPlatforms) = postSolution
		{0E8122E2-657B-4655-AFCC-6EFC7924FD59}.Debug|Any CPU.ActiveCfg = Debug|Any CPU
		{0E8122E2-657B-4655-AFCC-6EFC7924FD59}.Debug|Any CPU.Build.0 = Debug|Any CPU
		{0E8122E2-657B-4655-AFCC-6EFC7924FD59}.Release|Any CPU.ActiveCfg = Release|Any CPU
		{0E8122E2-657B-4655-AFCC-6EFC7924FD59}.Release|Any CPU.Build.0 = Release|Any CPU
	EndGlobalSection
	GlobalSection(SolutionProperties) = preSolution
		HideSolutionNode = FALSE
	EndGlobalSection
	GlobalSection(ExtensibilityGlobals) = postSolution
		SolutionGuid = {EBA53783-45C6-42C0-9319-EBB6D921251E}
	EndGlobalSection
EndGlobal
